
Microsoft Visual Studio Solution File, Format Version 12.00
# Visual Studio Version 17
VisualStudioVersion = 17.7.34003.232
MinimumVisualStudioVersion = 10.0.40219.1
Project("{FAE04EC0-301F-11D3-BF4B-00C04F79EFBC}") = "URLShort", "URLShort\URLShort.csproj", "{78FD5A96-F632-4A7E-B26D-FCEA990D2CD8}"
EndProject
Global
	GlobalSection(SolutionConfigurationPlatforms) = preSolution
		Debug|Any CPU = Debug|Any CPU
		Release|Any CPU = Release|Any CPU
	EndGlobalSection
	GlobalSection(ProjectConfigurationPlatforms) = postSolution
		{78FD5A96-F632-4A7E-B26D-FCEA990D2CD8}.Debug|Any CPU.ActiveCfg = Debug|Any CPU
		{78FD5A96-F632-4A7E-B26D-FCEA990D2CD8}.Debug|Any CPU.Build.0 = Debug|Any CPU
		{78FD5A96-F632-4A7E-B26D-FCEA990D2CD8}.Release|Any CPU.ActiveCfg = Release|Any CPU
		{78FD5A96-F632-4A7E-B26D-FCEA990D2CD8}.Release|Any CPU.Build.0 = Release|Any CPU
	EndGlobalSection
	GlobalSection(SolutionProperties) = preSolution
		HideSolutionNode = FALSE
	EndGlobalSection
	GlobalSection(ExtensibilityGlobals) = postSolution
		SolutionGuid = {F26626B5-7B56-48A0-ACA2-1F8D9699C347}
	EndGlobalSection
EndGlobal
